// !$*UTF8*$!
{
	archiveVersion = 1;
	classes = {
	};
	objectVersion = 50;
	objects = {

/* Begin PBXBuildFile section */
		582C4D80222E65BF002FE11B /* AppDelegate.swift in Sources */ = {isa = PBXBuildFile; fileRef = 582C4D7F222E65BF002FE11B /* AppDelegate.swift */; };
		582C4D82222E65BF002FE11B /* ViewController.swift in Sources */ = {isa = PBXBuildFile; fileRef = 582C4D81222E65BF002FE11B /* ViewController.swift */; };
		582C4D85222E65BF002FE11B /* Main.storyboard in Resources */ = {isa = PBXBuildFile; fileRef = 582C4D83222E65BF002FE11B /* Main.storyboard */; };
		582C4D87222E65C0002FE11B /* Assets.xcassets in Resources */ = {isa = PBXBuildFile; fileRef = 582C4D86222E65C0002FE11B /* Assets.xcassets */; };
		582C4D8A222E65C0002FE11B /* LaunchScreen.storyboard in Resources */ = {isa = PBXBuildFile; fileRef = 582C4D88222E65C0002FE11B /* LaunchScreen.storyboard */; };
/* End PBXBuildFile section */

/* Begin PBXFileReference section */
		582C4D7C222E65BF002FE11B /* AnimatedButton.app */ = {isa = PBXFileReference; explicitFileType = wrapper.application; includeInIndex = 0; path = AnimatedButton.app; sourceTree = BUILT_PRODUCTS_DIR; };
		582C4D7F222E65BF002FE11B /* AppDelegate.swift */ = {isa = PBXFileReference; lastKnownFileType = sourcecode.swift; path = AppDelegate.swift; sourceTree = "<group>"; };
		582C4D81222E65BF002FE11B /* ViewController.swift */ = {isa = PBXFileReference; lastKnownFileType = sourcecode.swift; path = ViewController.swift; sourceTree = "<group>"; };
		582C4D84222E65BF002FE11B /* Base */ = {isa = PBXFileReference; lastKnownFileType = file.storyboard; name = Base; path = Base.lproj/Main.storyboard; sourceTree = "<group>"; };
		582C4D86222E65C0002FE11B /* Assets.xcassets */ = {isa = PBXFileReference; lastKnownFileType = folder.assetcatalog; path = Assets.xcassets; sourceTree = "<group>"; };
		582C4D89222E65C0002FE11B /* Base */ = {isa = PBXFileReference; lastKnownFileType = file.storyboard; name = Base; path = Base.lproj/LaunchScreen.storyboard; sourceTree = "<group>"; };
		582C4D8B222E65C0002FE11B /* Info.plist */ = {isa = PBXFileReference; lastKnownFileType = text.plist.xml; path = Info.plist; sourceTree = "<group>"; };
/* End PBXFileReference section */

/* Begin PBXFrameworksBuildPhase section */
		582C4D79222E65BF002FE11B /* Frameworks */ = {
			isa = PBXFrameworksBuildPhase;
			buildActionMask = 2147483647;
			files = (
			);
			runOnlyForDeploymentPostprocessing = 0;
		};
/* End PBXFrameworksBuildPhase section */

/* Begin PBXGroup section */
		582C4D73222E65BF002FE11B = {
			isa = PBXGroup;
			children = (
				582C4D7E222E65BF002FE11B /* AnimatedButton */,
				582C4D7D222E65BF002FE11B /* Products */,
			);
			sourceTree = "<group>";
		};
		582C4D7D222E65BF002FE11B /* Products */ = {
			isa = PBXGroup;
			children = (
				582C4D7C222E65BF002FE11B /* AnimatedButton.app */,
			);
			name = Products;
			sourceTree = "<group>";
		};
		582C4D7E222E65BF002FE11B /* AnimatedButton */ = {
			isa = PBXGroup;
			children = (
				582C4D7F222E65BF002FE11B /* AppDelegate.swift */,
				582C4D81222E65BF002FE11B /* ViewController.swift */,
				582C4D83222E65BF002FE11B /* Main.storyboard */,
				582C4D86222E65C0002FE11B /* Assets.xcassets */,
				582C4D88222E65C0002FE11B /* LaunchScreen.storyboard */,
				582C4D8B222E65C0002FE11B /* Info.plist */,
			);
			path = AnimatedButton;
			sourceTree = "<group>";
		};
/* End PBXGroup section */

/* Begin PBXNativeTarget section */
		582C4D7B222E65BF002FE11B /* AnimatedButton */ = {
			isa = PBXNativeTarget;
			buildConfigurationList = 582C4D8E222E65C0002FE11B /* Build configuration list for PBXNativeTarget "AnimatedButton" */;
			buildPhases = (
				582C4D78222E65BF002FE11B /* Sources */,
				582C4D79222E65BF002FE11B /* Frameworks */,
				582C4D7A222E65BF002FE11B /* Resources */,
			);
			buildRules = (
			);
			dependencies = (
			);
			name = AnimatedButton;
			productName = AnimatedButton;
			productReference = 582C4D7C222E65BF002FE11B /* AnimatedButton.app */;
			productType = "com.apple.product-type.application";
		};
/* End PBXNativeTarget section */

/* Begin PBXProject section */
		582C4D74222E65BF002FE11B /* Project object */ = {
			isa = PBXProject;
			attributes = {
				LastSwiftUpdateCheck = 1010;
				LastUpgradeCheck = 1010;
				ORGANIZATIONNAME = glodack;
				TargetAttributes = {
					582C4D7B222E65BF002FE11B = {
						CreatedOnToolsVersion = 10.1;
					};
				};
			};
			buildConfigurationList = 582C4D77222E65BF002FE11B /* Build configuration list for PBXProject "AnimatedButton" */;
			compatibilityVersion = "Xcode 9.3";
			developmentRegion = en;
			hasScannedForEncodings = 0;
			knownRegions = (
				en,
				Base,
			);
			mainGroup = 582C4D73222E65BF002FE11B;
			productRefGroup = 582C4D7D222E65BF002FE11B /* Products */;
			projectDirPath = "";
			projectRoot = "";
			targets = (
				582C4D7B222E65BF002FE11B /* AnimatedButton */,
			);
		};
/* End PBXProject section */

/* Begin PBXResourcesBuildPhase section */
		582C4D7A222E65BF002FE11B /* Resources */ = {
			isa = PBXResourcesBuildPhase;
			buildActionMask = 2147483647;
			files = (
				582C4D8A222E65C0002FE11B /* LaunchScreen.storyboard in Resources */,
				582C4D87222E65C0002FE11B /* Assets.xcassets in Resources */,
				582C4D85222E65BF002FE11B /* Main.storyboard in Resources */,
			);
			runOnlyForDeploymentPostprocessing = 0;
		};
/* End PBXResourcesBuildPhase section */

/* Begin PBXSourcesBuildPhase section */
		582C4D78222E65BF002FE11B /* Sources */ = {
			isa = PBXSourcesBuildPhase;
			buildActionMask = 2147483647;
			files = (
				582C4D82222E65BF002FE11B /* ViewController.swift in Sources */,
				582C4D80222E65BF002FE11B /* AppDelegate.swift in Sources */,
			);
			runOnlyForDeploymentPostprocessing = 0;
		};
/* End PBXSourcesBuildPhase section */

/* Begin PBXVariantGroup section */
		582C4D83222E65BF002FE11B /* Main.storyboard */ = {
			isa = PBXVariantGroup;
			children = (
				582C4D84222E65BF002FE11B /* Base */,
			);
			name = Main.storyboard;
			sourceTree = "<group>";
		};
		582C4D88222E65C0002FE11B /* LaunchScreen.storyboard */ = {
			isa = PBXVariantGroup;
			children = (
				582C4D89222E65C0002FE11B /* Base */,
			);
			name = LaunchScreen.storyboard;
			sourceTree = "<group>";
		};
/* End PBXVariantGroup section */

/* Begin XCBuildConfiguration section */
		582C4D8C222E65C0002FE11B /* Debug */ = {
			isa = XCBuildConfiguration;
			buildSettings = {
				ALWAYS_SEARCH_USER_PATHS = NO;
				CLANG_ANALYZER_NONNULL = YES;
				CLANG_ANALYZER_NUMBER_OBJECT_CONVERSION = YES_AGGRESSIVE;
				CLANG_CXX_LANGUAGE_STANDARD = "gnu++14";
				CLANG_CXX_LIBRARY = "libc++";
				CLANG_ENABLE_MODULES = YES;
				CLANG_ENABLE_OBJC_ARC = YES;
				CLANG_ENABLE_OBJC_WEAK = YES;
				CLANG_WARN_BLOCK_CAPTURE_AUTORELEASING = YES;
				CLANG_WARN_BOOL_CONVERSION = YES;
				CLANG_WARN_COMMA = YES;
				CLANG_WARN_CONSTANT_CONVERSION = YES;
				CLANG_WARN_DEPRECATED_OBJC_IMPLEMENTATIONS = YES;
				CLANG_WARN_DIRECT_OBJC_ISA_USAGE = YES_ERROR;
				CLANG_WARN_DOCUMENTATION_COMMENTS = YES;
				CLANG_WARN_EMPTY_BODY = YES;
				CLANG_WARN_ENUM_CONVERSION = YES;
				CLANG_WARN_INFINITE_RECURSION = YES;
				CLANG_WARN_INT_CONVERSION = YES;
				CLANG_WARN_NON_LITERAL_NULL_CONVERSION = YES;
				CLANG_WARN_OBJC_IMPLICIT_RETAIN_SELF = YES;
				CLANG_WARN_OBJC_LITERAL_CONVERSION = YES;
				CLANG_WARN_OBJC_ROOT_CLASS = YES_ERROR;
				CLANG_WARN_RANGE_LOOP_ANALYSIS = YES;
				CLANG_WARN_STRICT_PROTOTYPES = YES;
				CLANG_WARN_SUSPICIOUS_MOVE = YES;
				CLANG_WARN_UNGUARDED_AVAILABILITY = YES_AGGRESSIVE;
				CLANG_WARN_UNREACHABLE_CODE = YES;
				CLANG_WARN__DUPLICATE_METHOD_MATCH = YES;
				CODE_SIGN_IDENTITY = "iPhone Developer";
				COPY_PHASE_STRIP = NO;
				DEBUG_INFORMATION_FORMAT = dwarf;
				ENABLE_STRICT_OBJC_MSGSEND = YES;
				ENABLE_TESTABILITY = YES;
				GCC_C_LANGUAGE_STANDARD = gnu11;
				GCC_DYNAMIC_NO_PIC = NO;
				GCC_NO_COMMON_BLOCKS = YES;
				GCC_OPTIMIZATION_LEVEL = 0;
				GCC_PREPROCESSOR_DEFINITIONS = (
					"DEBUG=1",
					"$(inherited)",
				);
				GCC_WARN_64_TO_32_BIT_CONVERSION = YES;
				GCC_WARN_ABOUT_RETURN_TYPE = YES_ERROR;
				GCC_WARN_UNDECLARED_SELECTOR = YES;
				GCC_WARN_UNINITIALIZED_AUTOS = YES_AGGRESSIVE;
				GCC_WARN_UNUSED_FUNCTION = YES;
				GCC_WARN_UNUSED_VARIABLE = YES;
				IPHONEOS_DEPLOYMENT_TARGET = 12.1;
				MTL_ENABLE_DEBUG_INFO = INCLUDE_SOURCE;
				MTL_FAST_MATH = YES;
				ONLY_ACTIVE_ARCH = YES;
				SDKROOT = iphoneos;
				SWIFT_ACTIVE_COMPILATION_CONDITIONS = DEBUG;
				SWIFT_OPTIMIZATION_LEVEL = "-Onone";
			};
			name = Debug;
		};
		582C4D8D222E65C0002FE11B /* Release */ = {
			isa = XCBuildConfiguration;
			buildSettings = {
				ALWAYS_SEARCH_USER_PATHS = NO;
				CLANG_ANALYZER_NONNULL = YES;
				CLANG_ANALYZER_NUMBER_OBJECT_CONVERSION = YES_AGGRESSIVE;
				CLANG_CXX_LANGUAGE_STANDARD = "gnu++14";
				CLANG_CXX_LIBRARY = "libc++";
				CLANG_ENABLE_MODULES = YES;
				CLANG_ENABLE_OBJC_ARC = YES;
				CLANG_ENABLE_OBJC_WEAK = YES;
				CLANG_WARN_BLOCK_CAPTURE_AUTORELEASING = YES;
				CLANG_WARN_BOOL_CONVERSION = YES;
				CLANG_WARN_COMMA = YES;
				CLANG_WARN_CONSTANT_CONVERSION = YES;
				CLANG_WARN_DEPRECATED_OBJC_IMPLEMENTATIONS = YES;
				CLANG_WARN_DIRECT_OBJC_ISA_USAGE = YES_ERROR;
				CLANG_WARN_DOCUMENTATION_COMMENTS = YES;
				CLANG_WARN_EMPTY_BODY = YES;
				CLANG_WARN_ENUM_CONVERSION = YES;
				CLANG_WARN_INFINITE_RECURSION = YES;
				CLANG_WARN_INT_CONVERSION = YES;
				CLANG_WARN_NON_LITERAL_NULL_CONVERSION = YES;
				CLANG_WARN_OBJC_IMPLICIT_RETAIN_SELF = YES;
				CLANG_WARN_OBJC_LITERAL_CONVERSION = YES;
				CLANG_WARN_OBJC_ROOT_CLASS = YES_ERROR;
				CLANG_WARN_RANGE_LOOP_ANALYSIS = YES;
				CLANG_WARN_STRICT_PROTOTYPES = YES;
				CLANG_WARN_SUSPICIOUS_MOVE = YES;
				CLANG_WARN_UNGUARDED_AVAILABILITY = YES_AGGRESSIVE;
				CLANG_WARN_UNREACHABLE_CODE = YES;
				CLANG_WARN__DUPLICATE_METHOD_MATCH = YES;
				CODE_SIGN_IDENTITY = "iPhone Developer";
				COPY_PHASE_STRIP = NO;
				DEBUG_INFORMATION_FORMAT = "dwarf-with-dsym";
				ENABLE_NS_ASSERTIONS = NO;
				ENABLE_STRICT_OBJC_MSGSEND = YES;
				GCC_C_LANGUAGE_STANDARD = gnu11;
				GCC_NO_COMMON_BLOCKS = YES;
				GCC_WARN_64_TO_32_BIT_CONVERSION = YES;
				GCC_WARN_ABOUT_RETURN_TYPE = YES_ERROR;
				GCC_WARN_UNDECLARED_SELECTOR = YES;
				GCC_WARN_UNINITIALIZED_AUTOS = YES_AGGRESSIVE;
				GCC_WARN_UNUSED_FUNCTION = YES;
				GCC_WARN_UNUSED_VARIABLE = YES;
				IPHONEOS_DEPLOYMENT_TARGET = 12.1;
				MTL_ENABLE_DEBUG_INFO = NO;
				MTL_FAST_MATH = YES;
				SDKROOT = iphoneos;
				SWIFT_COMPILATION_MODE = wholemodule;
				SWIFT_OPTIMIZATION_LEVEL = "-O";
				VALIDATE_PRODUCT = YES;
			};
			name = Release;
		};
		582C4D8F222E65C0002FE11B /* Debug */ = {
			isa = XCBuildConfiguration;
			buildSettings = {
				ASSETCATALOG_COMPILER_APPICON_NAME = AppIcon;
				CODE_SIGN_STYLE = Automatic;
				DEVELOPMENT_TEAM = V6DR54T54X;
				INFOPLIST_FILE = AnimatedButton/Info.plist;
				LD_RUNPATH_SEARCH_PATHS = (
					"$(inherited)",
					"@executable_path/Frameworks",
				);
				PRODUCT_BUNDLE_IDENTIFIER = com.glodack.AnimatedButton;
				PRODUCT_NAME = "$(TARGET_NAME)";
				SWIFT_VERSION = 4.2;
				TARGETED_DEVICE_FAMILY = "1,2";
			};
			name = Debug;
		};
		582C4D90222E65C0002FE11B /* Release */ = {
			isa = XCBuildConfiguration;
			buildSettings = {
				ASSETCATALOG_COMPILER_APPICON_NAME = AppIcon;
				CODE_SIGN_STYLE = Automatic;
				DEVELOPMENT_TEAM = V6DR54T54X;
				INFOPLIST_FILE = AnimatedButton/Info.plist;
				LD_RUNPATH_SEARCH_PATHS = (
					"$(inherited)",
					"@executable_path/Frameworks",
				);
				PRODUCT_BUNDLE_IDENTIFIER = com.glodack.AnimatedButton;
				PRODUCT_NAME = "$(TARGET_NAME)";
				SWIFT_VERSION = 4.2;
				TARGETED_DEVICE_FAMILY = "1,2";
			};
			name = Release;
		};
/* End XCBuildConfiguration section */

/* Begin XCConfigurationList section */
		582C4D77222E65BF002FE11B /* Build configuration list for PBXProject "AnimatedButton" */ = {
			isa = XCConfigurationList;
			buildConfigurations = (
				582C4D8C222E65C0002FE11B /* Debug */,
				582C4D8D222E65C0002FE11B /* Release */,
			);
			defaultConfigurationIsVisible = 0;
			defaultConfigurationName = Release;
		};
		582C4D8E222E65C0002FE11B /* Build configuration list for PBXNativeTarget "AnimatedButton" */ = {
			isa = XCConfigurationList;
			buildConfigurations = (
				582C4D8F222E65C0002FE11B /* Debug */,
				582C4D90222E65C0002FE11B /* Release */,
			);
			defaultConfigurationIsVisible = 0;
			defaultConfigurationName = Release;
		};
/* End XCConfigurationList section */
	};
	rootObject = 582C4D74222E65BF002FE11B /* Project object */;
}
